
Microsoft Visual Studio Solution File, Format Version 12.00
# Visual Studio Version 17
VisualStudioVersion = 17.7.34024.191
MinimumVisualStudioVersion = 10.0.40219.1
Project("{FAE04EC0-301F-11D3-BF4B-00C04F79EFBC}") = "personnummer", "personnummer\personnummer.csproj", "{6E744D51-8060-40E7-8C3E-83CDF0DDDAC7}"
EndProject
Global
	GlobalSection(SolutionConfigurationPlatforms) = preSolution
		Debug|Any CPU = Debug|Any CPU
		Release|Any CPU = Release|Any CPU
	EndGlobalSection
	GlobalSection(ProjectConfigurationPlatforms) = postSolution
		{6E744D51-8060-40E7-8C3E-83CDF0DDDAC7}.Debug|Any CPU.ActiveCfg = Debug|Any CPU
		{6E744D51-8060-40E7-8C3E-83CDF0DDDAC7}.Debug|Any CPU.Build.0 = Debug|Any CPU
		{6E744D51-8060-40E7-8C3E-83CDF0DDDAC7}.Release|Any CPU.ActiveCfg = Release|Any CPU
		{6E744D51-8060-40E7-8C3E-83CDF0DDDAC7}.Release|Any CPU.Build.0 = Release|Any CPU
	EndGlobalSection
	GlobalSection(SolutionProperties) = preSolution
		HideSolutionNode = FALSE
	EndGlobalSection
	GlobalSection(ExtensibilityGlobals) = postSolution
		SolutionGuid = {9ED1DEA0-BCEA-44A3-8D7D-80CCBED4DD87}
	EndGlobalSection
EndGlobal
